
Microsoft Visual Studio Solution File, Format Version 12.00
# Visual Studio 15
VisualStudioVersion = 15.0.27130.2024
MinimumVisualStudioVersion = 10.0.40219.1
Project("{FAE04EC0-301F-11D3-BF4B-00C04F79EFBC}") = "Cadastro_Pessoa", "Cadastro_Pessoa\Cadastro_Pessoa.csproj", "{3684D04C-E63A-406C-823F-8BC4B5175553}"
EndProject
Project("{FAE04EC0-301F-11D3-BF4B-00C04F79EFBC}") = "Cadastro_Funcionario", "Cadastro_Funcionario\Cadastro_Funcionario.csproj", "{003B1CC0-DA93-453B-A1D9-8C3630054D63}"
EndProject
Project("{FAE04EC0-301F-11D3-BF4B-00C04F79EFBC}") = "Cadastro_Veiculo", "Cadastro_Veiculo\Cadastro_Veiculo.csproj", "{01CBF791-A580-4EFC-8D8D-9BA166122663}"
EndProject
Project("{FAE04EC0-301F-11D3-BF4B-00C04F79EFBC}") = "Cadastro_Motorista", "Cadastro_Motorista\Cadastro_Motorista.csproj", "{B7FCD7CF-0AE7-438A-AA11-3EFB67A5F814}"
EndProject
Project("{FAE04EC0-301F-11D3-BF4B-00C04F79EFBC}") = "CodeFirst", "CodeFirst\CodeFirst.csproj", "{69099469-0EDC-4B99-B204-7077494656D8}"
EndProject
Project("{FAE04EC0-301F-11D3-BF4B-00C04F79EFBC}") = "Principal", "Principal\Principal.csproj", "{062C6622-7D20-4C44-8FCF-C87CE380E327}"
EndProject
Project("{2150E333-8FDC-42A3-9474-1A3956D46DE8}") = "UI", "UI", "{2E94AC4B-3400-4C31-97D9-C0CFB7DA8415}"
EndProject
Project("{2150E333-8FDC-42A3-9474-1A3956D46DE8}") = "EFCodeFirst", "EFCodeFirst", "{7139F489-1355-43CB-BF38-59BA8344C799}"
EndProject
Project("{2150E333-8FDC-42A3-9474-1A3956D46DE8}") = "FuncoesGenericas", "FuncoesGenericas", "{284E26F9-05E7-4F0C-A640-98FE5E4D97AD}"
EndProject
Project("{FAE04EC0-301F-11D3-BF4B-00C04F79EFBC}") = "FuncoesGenericas", "FuncoesGenericas\FuncoesGenericas.csproj", "{7B6DD5B4-7E5C-4047-ABB1-B6C9A14D1CD3}"
EndProject
Global
	GlobalSection(SolutionConfigurationPlatforms) = preSolution
		Debug|Any CPU = Debug|Any CPU
		Release|Any CPU = Release|Any CPU
	EndGlobalSection
	GlobalSection(ProjectConfigurationPlatforms) = postSolution
		{3684D04C-E63A-406C-823F-8BC4B5175553}.Debug|Any CPU.ActiveCfg = Debug|Any CPU
		{3684D04C-E63A-406C-823F-8BC4B5175553}.Debug|Any CPU.Build.0 = Debug|Any CPU
		{3684D04C-E63A-406C-823F-8BC4B5175553}.Release|Any CPU.ActiveCfg = Release|Any CPU
		{3684D04C-E63A-406C-823F-8BC4B5175553}.Release|Any CPU.Build.0 = Release|Any CPU
		{003B1CC0-DA93-453B-A1D9-8C3630054D63}.Debug|Any CPU.ActiveCfg = Debug|Any CPU
		{003B1CC0-DA93-453B-A1D9-8C3630054D63}.Debug|Any CPU.Build.0 = Debug|Any CPU
		{003B1CC0-DA93-453B-A1D9-8C3630054D63}.Release|Any CPU.ActiveCfg = Release|Any CPU
		{003B1CC0-DA93-453B-A1D9-8C3630054D63}.Release|Any CPU.Build.0 = Release|Any CPU
		{01CBF791-A580-4EFC-8D8D-9BA166122663}.Debug|Any CPU.ActiveCfg = Debug|Any CPU
		{01CBF791-A580-4EFC-8D8D-9BA166122663}.Debug|Any CPU.Build.0 = Debug|Any CPU
		{01CBF791-A580-4EFC-8D8D-9BA166122663}.Release|Any CPU.ActiveCfg = Release|Any CPU
		{01CBF791-A580-4EFC-8D8D-9BA166122663}.Release|Any CPU.Build.0 = Release|Any CPU
		{B7FCD7CF-0AE7-438A-AA11-3EFB67A5F814}.Debug|Any CPU.ActiveCfg = Debug|Any CPU
		{B7FCD7CF-0AE7-438A-AA11-3EFB67A5F814}.Debug|Any CPU.Build.0 = Debug|Any CPU
		{B7FCD7CF-0AE7-438A-AA11-3EFB67A5F814}.Release|Any CPU.ActiveCfg = Release|Any CPU
		{B7FCD7CF-0AE7-438A-AA11-3EFB67A5F814}.Release|Any CPU.Build.0 = Release|Any CPU
		{69099469-0EDC-4B99-B204-7077494656D8}.Debug|Any CPU.ActiveCfg = Debug|Any CPU
		{69099469-0EDC-4B99-B204-7077494656D8}.Debug|Any CPU.Build.0 = Debug|Any CPU
		{69099469-0EDC-4B99-B204-7077494656D8}.Release|Any CPU.ActiveCfg = Release|Any CPU
		{69099469-0EDC-4B99-B204-7077494656D8}.Release|Any CPU.Build.0 = Release|Any CPU
		{062C6622-7D20-4C44-8FCF-C87CE380E327}.Debug|Any CPU.ActiveCfg = Debug|Any CPU
		{062C6622-7D20-4C44-8FCF-C87CE380E327}.Debug|Any CPU.Build.0 = Debug|Any CPU
		{062C6622-7D20-4C44-8FCF-C87CE380E327}.Release|Any CPU.ActiveCfg = Release|Any CPU
		{062C6622-7D20-4C44-8FCF-C87CE380E327}.Release|Any CPU.Build.0 = Release|Any CPU
		{7B6DD5B4-7E5C-4047-ABB1-B6C9A14D1CD3}.Debug|Any CPU.ActiveCfg = Debug|Any CPU
		{7B6DD5B4-7E5C-4047-ABB1-B6C9A14D1CD3}.Debug|Any CPU.Build.0 = Debug|Any CPU
		{7B6DD5B4-7E5C-4047-ABB1-B6C9A14D1CD3}.Release|Any CPU.ActiveCfg = Release|Any CPU
		{7B6DD5B4-7E5C-4047-ABB1-B6C9A14D1CD3}.Release|Any CPU.Build.0 = Release|Any CPU
	EndGlobalSection
	GlobalSection(SolutionProperties) = preSolution
		HideSolutionNode = FALSE
	EndGlobalSection
	GlobalSection(NestedProjects) = preSolution
		{3684D04C-E63A-406C-823F-8BC4B5175553} = {2E94AC4B-3400-4C31-97D9-C0CFB7DA8415}
		{003B1CC0-DA93-453B-A1D9-8C3630054D63} = {2E94AC4B-3400-4C31-97D9-C0CFB7DA8415}
		{01CBF791-A580-4EFC-8D8D-9BA166122663} = {2E94AC4B-3400-4C31-97D9-C0CFB7DA8415}
		{B7FCD7CF-0AE7-438A-AA11-3EFB67A5F814} = {2E94AC4B-3400-4C31-97D9-C0CFB7DA8415}
		{69099469-0EDC-4B99-B204-7077494656D8} = {7139F489-1355-43CB-BF38-59BA8344C799}
		{7B6DD5B4-7E5C-4047-ABB1-B6C9A14D1CD3} = {284E26F9-05E7-4F0C-A640-98FE5E4D97AD}
	EndGlobalSection
	GlobalSection(ExtensibilityGlobals) = postSolution
		SolutionGuid = {0AC30E90-B4D0-4023-84E0-41ADAED13D3D}
	EndGlobalSection
EndGlobal
